
Microsoft Visual Studio Solution File, Format Version 12.00
# Visual Studio Version 17
VisualStudioVersion = 17.4.33205.214
MinimumVisualStudioVersion = 10.0.40219.1
Project("{FAE04EC0-301F-11D3-BF4B-00C04F79EFBC}") = "TyresWebApp", "TyresWebApp\TyresWebApp.csproj", "{0E0E9A2C-5197-402F-817F-98F00CBDA842}"
EndProject
Global
	GlobalSection(SolutionConfigurationPlatforms) = preSolution
		Debug|Any CPU = Debug|Any CPU
		Release|Any CPU = Release|Any CPU
	EndGlobalSection
	GlobalSection(ProjectConfigurationPlatforms) = postSolution
		{0E0E9A2C-5197-402F-817F-98F00CBDA842}.Debug|Any CPU.ActiveCfg = Debug|Any CPU
		{0E0E9A2C-5197-402F-817F-98F00CBDA842}.Debug|Any CPU.Build.0 = Debug|Any CPU
		{0E0E9A2C-5197-402F-817F-98F00CBDA842}.Release|Any CPU.ActiveCfg = Release|Any CPU
		{0E0E9A2C-5197-402F-817F-98F00CBDA842}.Release|Any CPU.Build.0 = Release|Any CPU
	EndGlobalSection
	GlobalSection(SolutionProperties) = preSolution
		HideSolutionNode = FALSE
	EndGlobalSection
	GlobalSection(ExtensibilityGlobals) = postSolution
		SolutionGuid = {E8752891-E224-4A3B-B362-B3DF6349C653}
	EndGlobalSection
EndGlobal
